
Microsoft Visual Studio Solution File, Format Version 12.00
# Visual Studio 15
VisualStudioVersion = 15.0.27428.2037
MinimumVisualStudioVersion = 10.0.40219.1
Project("{FAE04EC0-301F-11D3-BF4B-00C04F79EFBC}") = "Conecta 4", "Conecta 4\Conecta 4.csproj", "{B2903323-1A24-4AF4-9E4D-F27F78B5DFD3}"
EndProject
Project("{FAE04EC0-301F-11D3-BF4B-00C04F79EFBC}") = "Conecta 4Tests1", "Conecta 4Tests1\Conecta 4Tests1.csproj", "{70A0DA1F-7A2E-45EF-A31E-679C46657005}"
EndProject
Global
	GlobalSection(SolutionConfigurationPlatforms) = preSolution
		Debug|Any CPU = Debug|Any CPU
		Release|Any CPU = Release|Any CPU
	EndGlobalSection
	GlobalSection(ProjectConfigurationPlatforms) = postSolution
		{B2903323-1A24-4AF4-9E4D-F27F78B5DFD3}.Debug|Any CPU.ActiveCfg = Debug|Any CPU
		{B2903323-1A24-4AF4-9E4D-F27F78B5DFD3}.Debug|Any CPU.Build.0 = Debug|Any CPU
		{B2903323-1A24-4AF4-9E4D-F27F78B5DFD3}.Release|Any CPU.ActiveCfg = Release|Any CPU
		{B2903323-1A24-4AF4-9E4D-F27F78B5DFD3}.Release|Any CPU.Build.0 = Release|Any CPU
		{70A0DA1F-7A2E-45EF-A31E-679C46657005}.Debug|Any CPU.ActiveCfg = Debug|Any CPU
		{70A0DA1F-7A2E-45EF-A31E-679C46657005}.Debug|Any CPU.Build.0 = Debug|Any CPU
		{70A0DA1F-7A2E-45EF-A31E-679C46657005}.Release|Any CPU.ActiveCfg = Release|Any CPU
		{70A0DA1F-7A2E-45EF-A31E-679C46657005}.Release|Any CPU.Build.0 = Release|Any CPU
	EndGlobalSection
	GlobalSection(SolutionProperties) = preSolution
		HideSolutionNode = FALSE
	EndGlobalSection
	GlobalSection(ExtensibilityGlobals) = postSolution
		SolutionGuid = {4C825A61-3E00-4673-9DB3-C924CE34E445}
	EndGlobalSection
EndGlobal
